
Microsoft Visual Studio Solution File, Format Version 12.00
# Visual Studio Version 17
VisualStudioVersion = 17.5.33516.290
MinimumVisualStudioVersion = 10.0.40219.1
Project("{8BC9CEB8-8B4A-11D0-8D11-00A0C91BC942}") = "HelloWorld", "Project1\Project1.vcxproj", "{DDC4D712-402C-41B9-8A44-DC812EBF9636}"
EndProject
Project("{8BC9CEB8-8B4A-11D0-8D11-00A0C91BC942}") = "aritmetic", "aritmetic\aritmetic.vcxproj", "{FE18B162-92EB-44CA-8FB5-38E6FDF1638E}"
EndProject
Project("{8BC9CEB8-8B4A-11D0-8D11-00A0C91BC942}") = "Enums", "Enums\Enums.vcxproj", "{FA009117-599E-4DF8-84B0-71EFF04E302B}"
EndProject
Project("{8BC9CEB8-8B4A-11D0-8D11-00A0C91BC942}") = "Serie_a()", "Serie_a()\Serie_a().vcxproj", "{1EDCB621-04DF-45B3-B5A8-067615223CF4}"
EndProject
Global
	GlobalSection(SolutionConfigurationPlatforms) = preSolution
		Debug|x64 = Debug|x64
		Debug|x86 = Debug|x86
		Release|x64 = Release|x64
		Release|x86 = Release|x86
	EndGlobalSection
	GlobalSection(ProjectConfigurationPlatforms) = postSolution
		{DDC4D712-402C-41B9-8A44-DC812EBF9636}.Debug|x64.ActiveCfg = Debug|x64
		{DDC4D712-402C-41B9-8A44-DC812EBF9636}.Debug|x64.Build.0 = Debug|x64
		{DDC4D712-402C-41B9-8A44-DC812EBF9636}.Debug|x86.ActiveCfg = Debug|Win32
		{DDC4D712-402C-41B9-8A44-DC812EBF9636}.Debug|x86.Build.0 = Debug|Win32
		{DDC4D712-402C-41B9-8A44-DC812EBF9636}.Release|x64.ActiveCfg = Release|x64
		{DDC4D712-402C-41B9-8A44-DC812EBF9636}.Release|x64.Build.0 = Release|x64
		{DDC4D712-402C-41B9-8A44-DC812EBF9636}.Release|x86.ActiveCfg = Release|Win32
		{DDC4D712-402C-41B9-8A44-DC812EBF9636}.Release|x86.Build.0 = Release|Win32
		{FE18B162-92EB-44CA-8FB5-38E6FDF1638E}.Debug|x64.ActiveCfg = Debug|x64
		{FE18B162-92EB-44CA-8FB5-38E6FDF1638E}.Debug|x64.Build.0 = Debug|x64
		{FE18B162-92EB-44CA-8FB5-38E6FDF1638E}.Debug|x86.ActiveCfg = Debug|Win32
		{FE18B162-92EB-44CA-8FB5-38E6FDF1638E}.Debug|x86.Build.0 = Debug|Win32
		{FE18B162-92EB-44CA-8FB5-38E6FDF1638E}.Release|x64.ActiveCfg = Release|x64
		{FE18B162-92EB-44CA-8FB5-38E6FDF1638E}.Release|x64.Build.0 = Release|x64
		{FE18B162-92EB-44CA-8FB5-38E6FDF1638E}.Release|x86.ActiveCfg = Release|Win32
		{FE18B162-92EB-44CA-8FB5-38E6FDF1638E}.Release|x86.Build.0 = Release|Win32
		{FA009117-599E-4DF8-84B0-71EFF04E302B}.Debug|x64.ActiveCfg = Debug|x64
		{FA009117-599E-4DF8-84B0-71EFF04E302B}.Debug|x64.Build.0 = Debug|x64
		{FA009117-599E-4DF8-84B0-71EFF04E302B}.Debug|x86.ActiveCfg = Debug|Win32
		{FA009117-599E-4DF8-84B0-71EFF04E302B}.Debug|x86.Build.0 = Debug|Win32
		{FA009117-599E-4DF8-84B0-71EFF04E302B}.Release|x64.ActiveCfg = Release|x64
		{FA009117-599E-4DF8-84B0-71EFF04E302B}.Release|x64.Build.0 = Release|x64
		{FA009117-599E-4DF8-84B0-71EFF04E302B}.Release|x86.ActiveCfg = Release|Win32
		{FA009117-599E-4DF8-84B0-71EFF04E302B}.Release|x86.Build.0 = Release|Win32
		{1EDCB621-04DF-45B3-B5A8-067615223CF4}.Debug|x64.ActiveCfg = Debug|x64
		{1EDCB621-04DF-45B3-B5A8-067615223CF4}.Debug|x64.Build.0 = Debug|x64
		{1EDCB621-04DF-45B3-B5A8-067615223CF4}.Debug|x86.ActiveCfg = Debug|Win32
		{1EDCB621-04DF-45B3-B5A8-067615223CF4}.Debug|x86.Build.0 = Debug|Win32
		{1EDCB621-04DF-45B3-B5A8-067615223CF4}.Release|x64.ActiveCfg = Release|x64
		{1EDCB621-04DF-45B3-B5A8-067615223CF4}.Release|x64.Build.0 = Release|x64
		{1EDCB621-04DF-45B3-B5A8-067615223CF4}.Release|x86.ActiveCfg = Release|Win32
		{1EDCB621-04DF-45B3-B5A8-067615223CF4}.Release|x86.Build.0 = Release|Win32
	EndGlobalSection
	GlobalSection(SolutionProperties) = preSolution
		HideSolutionNode = FALSE
	EndGlobalSection
	GlobalSection(ExtensibilityGlobals) = postSolution
		SolutionGuid = {73681B63-69C1-42FF-A9E5-BE874DC5CFA9}
	EndGlobalSection
EndGlobal
